
Microsoft Visual Studio Solution File, Format Version 12.00
# Visual Studio 15
VisualStudioVersion = 15.0.26228.88
MinimumVisualStudioVersion = 10.0.40219.1
Project("{FAE04EC0-301F-11D3-BF4B-00C04F79EFBC}") = "Tests", "TwitterTest\Tests.csproj", "{448CFE67-84E3-4381-B84F-3DFEA0A8661C}"
EndProject
Project("{FAE04EC0-301F-11D3-BF4B-00C04F79EFBC}") = "Tests Framework", "Tests Framework\Tests Framework.csproj", "{2D92EF5E-6489-47B8-8831-6A6E170AEDAA}"
EndProject
Global
	GlobalSection(SolutionConfigurationPlatforms) = preSolution
		Debug|Any CPU = Debug|Any CPU
		Release|Any CPU = Release|Any CPU
	EndGlobalSection
	GlobalSection(ProjectConfigurationPlatforms) = postSolution
		{448CFE67-84E3-4381-B84F-3DFEA0A8661C}.Debug|Any CPU.ActiveCfg = Debug|Any CPU
		{448CFE67-84E3-4381-B84F-3DFEA0A8661C}.Debug|Any CPU.Build.0 = Debug|Any CPU
		{448CFE67-84E3-4381-B84F-3DFEA0A8661C}.Release|Any CPU.ActiveCfg = Release|Any CPU
		{448CFE67-84E3-4381-B84F-3DFEA0A8661C}.Release|Any CPU.Build.0 = Release|Any CPU
		{2D92EF5E-6489-47B8-8831-6A6E170AEDAA}.Debug|Any CPU.ActiveCfg = Debug|Any CPU
		{2D92EF5E-6489-47B8-8831-6A6E170AEDAA}.Debug|Any CPU.Build.0 = Debug|Any CPU
		{2D92EF5E-6489-47B8-8831-6A6E170AEDAA}.Release|Any CPU.ActiveCfg = Release|Any CPU
		{2D92EF5E-6489-47B8-8831-6A6E170AEDAA}.Release|Any CPU.Build.0 = Release|Any CPU
	EndGlobalSection
	GlobalSection(SolutionProperties) = preSolution
		HideSolutionNode = FALSE
	EndGlobalSection
EndGlobal
